
Microsoft Visual Studio Solution File, Format Version 12.00
# Visual Studio 15
VisualStudioVersion = 15.0.36617.4
MinimumVisualStudioVersion = 10.0.40219.1
Project("{FAE04EC0-301F-11D3-BF4B-00C04F79EFBC}") = "WazuhWeb", "WazuhWeb\WazuhWeb.csproj", "{C28D715F-202E-49D8-BA1F-971FCF67E3D0}"
EndProject
Global
	GlobalSection(SolutionConfigurationPlatforms) = preSolution
		Debug|Any CPU = Debug|Any CPU
		Release|Any CPU = Release|Any CPU
	EndGlobalSection
	GlobalSection(ProjectConfigurationPlatforms) = postSolution
		{C28D715F-202E-49D8-BA1F-971FCF67E3D0}.Debug|Any CPU.ActiveCfg = Debug|Any CPU
		{C28D715F-202E-49D8-BA1F-971FCF67E3D0}.Debug|Any CPU.Build.0 = Debug|Any CPU
		{C28D715F-202E-49D8-BA1F-971FCF67E3D0}.Release|Any CPU.ActiveCfg = Release|Any CPU
		{C28D715F-202E-49D8-BA1F-971FCF67E3D0}.Release|Any CPU.Build.0 = Release|Any CPU
	EndGlobalSection
	GlobalSection(SolutionProperties) = preSolution
		HideSolutionNode = FALSE
	EndGlobalSection
	GlobalSection(ExtensibilityGlobals) = postSolution
		SolutionGuid = {4C76B357-A77E-477F-9EA3-DD0D8C2E383A}
	EndGlobalSection
EndGlobal
